Microsoft Visual Studio Solution File, Format Version 12.00
# Visual Studio Version 17
VisualStudioVersion = 17.5.2.0
MinimumVisualStudioVersion = 10.0.40219.1
Project("{FAE04EC0-301F-11D3-BF4B-00C04F79EFBC}") = "ShellApp", "ShellApp.csproj", "{EE7827AD-8038-6403-811F-F7190F0ED2FD}"
EndProject
Global
	GlobalSection(SolutionConfigurationPlatforms) = preSolution
		Debug|Any CPU = Debug|Any CPU
		Release|Any CPU = Release|Any CPU
	EndGlobalSection
	GlobalSection(ProjectConfigurationPlatforms) = postSolution
		{EE7827AD-8038-6403-811F-F7190F0ED2FD}.Debug|Any CPU.ActiveCfg = Debug|Any CPU
		{EE7827AD-8038-6403-811F-F7190F0ED2FD}.Debug|Any CPU.Build.0 = Debug|Any CPU
		{EE7827AD-8038-6403-811F-F7190F0ED2FD}.Release|Any CPU.ActiveCfg = Release|Any CPU
		{EE7827AD-8038-6403-811F-F7190F0ED2FD}.Release|Any CPU.Build.0 = Release|Any CPU
	EndGlobalSection
	GlobalSection(SolutionProperties) = preSolution
		HideSolutionNode = FALSE
	EndGlobalSection
	GlobalSection(ExtensibilityGlobals) = postSolution
		SolutionGuid = {3893B82F-B80B-42D4-9908-36250FD31579}
	EndGlobalSection
EndGlobal
